
Microsoft Visual Studio Solution File, Format Version 12.00
# Visual Studio 15
VisualStudioVersion = 15.0.27428.2037
MinimumVisualStudioVersion = 10.0.40219.1
Project("{8BC9CEB8-8B4A-11D0-8D11-00A0C91BC942}") = "MasmProyect", "MasmProyect\MasmProyect.vcxproj", "{FB2CB951-9A76-4C51-8FCA-B7AB6A4CB0EC}"
EndProject
Global
	GlobalSection(SolutionConfigurationPlatforms) = preSolution
		Debug|x64 = Debug|x64
		Debug|x86 = Debug|x86
		Release|x64 = Release|x64
		Release|x86 = Release|x86
	EndGlobalSection
	GlobalSection(ProjectConfigurationPlatforms) = postSolution
		{FB2CB951-9A76-4C51-8FCA-B7AB6A4CB0EC}.Debug|x64.ActiveCfg = Debug|x64
		{FB2CB951-9A76-4C51-8FCA-B7AB6A4CB0EC}.Debug|x64.Build.0 = Debug|x64
		{FB2CB951-9A76-4C51-8FCA-B7AB6A4CB0EC}.Debug|x86.ActiveCfg = Debug|Win32
		{FB2CB951-9A76-4C51-8FCA-B7AB6A4CB0EC}.Debug|x86.Build.0 = Debug|Win32
		{FB2CB951-9A76-4C51-8FCA-B7AB6A4CB0EC}.Release|x64.ActiveCfg = Release|x64
		{FB2CB951-9A76-4C51-8FCA-B7AB6A4CB0EC}.Release|x64.Build.0 = Release|x64
		{FB2CB951-9A76-4C51-8FCA-B7AB6A4CB0EC}.Release|x86.ActiveCfg = Release|Win32
		{FB2CB951-9A76-4C51-8FCA-B7AB6A4CB0EC}.Release|x86.Build.0 = Release|Win32
	EndGlobalSection
	GlobalSection(SolutionProperties) = preSolution
		HideSolutionNode = FALSE
	EndGlobalSection
	GlobalSection(ExtensibilityGlobals) = postSolution
		SolutionGuid = {F81E0488-7C0F-4169-ACCD-7A32CCFD60F6}
	EndGlobalSection
EndGlobal
